// !$*UTF8*$!
{
	archiveVersion = 1;
	classes = {
	};
	objectVersion = 55;
	objects = {

/* Begin PBXBuildFile section */
		D345CB582830C8DB00C3D34E /* RecipeTabView.swift in Sources */ = {isa = PBXBuildFile; fileRef = D345CB572830C8DB00C3D34E /* RecipeTabView.swift */; };
		D34917512828A46B0013E8C0 /* RecipeDetailView.swift in Sources */ = {isa = PBXBuildFile; fileRef = D34917502828A46B0013E8C0 /* RecipeDetailView.swift */; };
		D3A401A1282882D800A221C6 /* RecipeApp.swift in Sources */ = {isa = PBXBuildFile; fileRef = D3A401A0282882D800A221C6 /* RecipeApp.swift */; };
		D3A401A5282882D900A221C6 /* Assets.xcassets in Resources */ = {isa = PBXBuildFile; fileRef = D3A401A4282882D900A221C6 /* Assets.xcassets */; };
		D3A401A8282882D900A221C6 /* Preview Assets.xcassets in Resources */ = {isa = PBXBuildFile; fileRef = D3A401A7282882D900A221C6 /* Preview Assets.xcassets */; };
		D3A401B2282882D900A221C6 /* RecipeAppTests.swift in Sources */ = {isa = PBXBuildFile; fileRef = D3A401B1282882D900A221C6 /* RecipeAppTests.swift */; };
		D3A401BC282882D900A221C6 /* RecipeAppUITests.swift in Sources */ = {isa = PBXBuildFile; fileRef = D3A401BB282882D900A221C6 /* RecipeAppUITests.swift */; };
		D3A401BE282882D900A221C6 /* RecipeAppUITestsLaunchTests.swift in Sources */ = {isa = PBXBuildFile; fileRef = D3A401BD282882D900A221C6 /* RecipeAppUITestsLaunchTests.swift */; };
		D3A401D42828847D00A221C6 /* DataServices.swift in Sources */ = {isa = PBXBuildFile; fileRef = D3A401D32828847D00A221C6 /* DataServices.swift */; };
		D3A401DF282888E300A221C6 /* Recipe.swift in Sources */ = {isa = PBXBuildFile; fileRef = D3A401DE282888E300A221C6 /* Recipe.swift */; };
		D3A401E128288AE600A221C6 /* RecipeModel.swift in Sources */ = {isa = PBXBuildFile; fileRef = D3A401E028288AE600A221C6 /* RecipeModel.swift */; };
		D3EA9EE9283C6CF200961DC3 /* recipes.json in Resources */ = {isa = PBXBuildFile; fileRef = D3EA9EE8283C6CF200961DC3 /* recipes.json */; };
		D3EA9EED283C77D900961DC3 /* RecipeListView.swift in Sources */ = {isa = PBXBuildFile; fileRef = D3EA9EEC283C77D900961DC3 /* RecipeListView.swift */; };
/* End PBXBuildFile section */

/* Begin PBXContainerItemProxy section */
		D3A401AE282882D900A221C6 /* PBXContainerItemProxy */ = {
			isa = PBXContainerItemProxy;
			containerPortal = D3A40195282882D800A221C6 /* Project object */;
			proxyType = 1;
			remoteGlobalIDString = D3A4019C282882D800A221C6;
			remoteInfo = RecipeApp;
		};
		D3A401B8282882D900A221C6 /* PBXContainerItemProxy */ = {
			isa = PBXContainerItemProxy;
			containerPortal = D3A40195282882D800A221C6 /* Project object */;
			proxyType = 1;
			remoteGlobalIDString = D3A4019C282882D800A221C6;
			remoteInfo = RecipeApp;
		};
/* End PBXContainerItemProxy section */

/* Begin PBXFileReference section */
		D345CB572830C8DB00C3D34E /* RecipeTabView.swift */ = {isa = PBXFileReference; lastKnownFileType = sourcecode.swift; path = RecipeTabView.swift; sourceTree = "<group>"; };
		D34917502828A46B0013E8C0 /* RecipeDetailView.swift */ = {isa = PBXFileReference; lastKnownFileType = sourcecode.swift; path = RecipeDetailView.swift; sourceTree = "<group>"; };
		D3A4019D282882D800A221C6 /* RecipeApp.app */ = {isa = PBXFileReference; explicitFileType = wrapper.application; includeInIndex = 0; path = RecipeApp.app; sourceTree = BUILT_PRODUCTS_DIR; };
		D3A401A0282882D800A221C6 /* RecipeApp.swift */ = {isa = PBXFileReference; lastKnownFileType = sourcecode.swift; path = RecipeApp.swift; sourceTree = "<group>"; };
		D3A401A4282882D900A221C6 /* Assets.xcassets */ = {isa = PBXFileReference; lastKnownFileType = folder.assetcatalog; path = Assets.xcassets; sourceTree = "<group>"; };
		D3A401A7282882D900A221C6 /* Preview Assets.xcassets */ = {isa = PBXFileReference; lastKnownFileType = folder.assetcatalog; path = "Preview Assets.xcassets"; sourceTree = "<group>"; };
		D3A401AD282882D900A221C6 /* RecipeAppTests.xctest */ = {isa = PBXFileReference; explicitFileType = wrapper.cfbundle; includeInIndex = 0; path = RecipeAppTests.xctest; sourceTree = BUILT_PRODUCTS_DIR; };
		D3A401B1282882D900A221C6 /* RecipeAppTests.swift */ = {isa = PBXFileReference; lastKnownFileType = sourcecode.swift; path = RecipeAppTests.swift; sourceTree = "<group>"; };
		D3A401B7282882D900A221C6 /* RecipeAppUITests.xctest */ = {isa = PBXFileReference; explicitFileType = wrapper.cfbundle; includeInIndex = 0; path = RecipeAppUITests.xctest; sourceTree = BUILT_PRODUCTS_DIR; };
		D3A401BB282882D900A221C6 /* RecipeAppUITests.swift */ = {isa = PBXFileReference; lastKnownFileType = sourcecode.swift; path = RecipeAppUITests.swift; sourceTree = "<group>"; };
		D3A401BD282882D900A221C6 /* RecipeAppUITestsLaunchTests.swift */ = {isa = PBXFileReference; lastKnownFileType = sourcecode.swift; path = RecipeAppUITestsLaunchTests.swift; sourceTree = "<group>"; };
		D3A401D32828847D00A221C6 /* DataServices.swift */ = {isa = PBXFileReference; lastKnownFileType = sourcecode.swift; path = DataServices.swift; sourceTree = "<group>"; };
		D3A401DE282888E300A221C6 /* Recipe.swift */ = {isa = PBXFileReference; lastKnownFileType = sourcecode.swift; path = Recipe.swift; sourceTree = "<group>"; };
		D3A401E028288AE600A221C6 /* RecipeModel.swift */ = {isa = PBXFileReference; lastKnownFileType = sourcecode.swift; path = RecipeModel.swift; sourceTree = "<group>"; };
		D3EA9EE8283C6CF200961DC3 /* recipes.json */ = {isa = PBXFileReference; fileEncoding = 4; lastKnownFileType = text.json; path = recipes.json; sourceTree = "<group>"; };
		D3EA9EEC283C77D900961DC3 /* RecipeListView.swift */ = {isa = PBXFileReference; fileEncoding = 4; lastKnownFileType = sourcecode.swift; path = RecipeListView.swift; sourceTree = "<group>"; };
/* End PBXFileReference section */

/* Begin PBXFrameworksBuildPhase section */
		D3A4019A282882D800A221C6 /* Frameworks */ = {
			isa = PBXFrameworksBuildPhase;
			buildActionMask = 2147483647;
			files = (
			);
			runOnlyForDeploymentPostprocessing = 0;
		};
		D3A401AA282882D900A221C6 /* Frameworks */ = {
			isa = PBXFrameworksBuildPhase;
			buildActionMask = 2147483647;
			files = (
			);
			runOnlyForDeploymentPostprocessing = 0;
		};
		D3A401B4282882D900A221C6 /* Frameworks */ = {
			isa = PBXFrameworksBuildPhase;
			buildActionMask = 2147483647;
			files = (
			);
			runOnlyForDeploymentPostprocessing = 0;
		};
/* End PBXFrameworksBuildPhase section */

/* Begin PBXGroup section */
		D3A40194282882D800A221C6 = {
			isa = PBXGroup;
			children = (
				D3A4019F282882D800A221C6 /* RecipeApp */,
				D3A401B0282882D900A221C6 /* RecipeAppTests */,
				D3A401BA282882D900A221C6 /* RecipeAppUITests */,
				D3A4019E282882D800A221C6 /* Products */,
			);
			sourceTree = "<group>";
		};
		D3A4019E282882D800A221C6 /* Products */ = {
			isa = PBXGroup;
			children = (
				D3A4019D282882D800A221C6 /* RecipeApp.app */,
				D3A401AD282882D900A221C6 /* RecipeAppTests.xctest */,
				D3A401B7282882D900A221C6 /* RecipeAppUITests.xctest */,
			);
			name = Products;
			sourceTree = "<group>";
		};
		D3A4019F282882D800A221C6 /* RecipeApp */ = {
			isa = PBXGroup;
			children = (
				D3A401A0282882D800A221C6 /* RecipeApp.swift */,
				D3A401D92828885D00A221C6 /* Views */,
				D3A401CD2828834200A221C6 /* ViewModels */,
				D3A401DD282888BF00A221C6 /* Models */,
				D3A401CB2828830A00A221C6 /* Services */,
				D3A401CA2828830200A221C6 /* Data */,
				D3A401A4282882D900A221C6 /* Assets.xcassets */,
				D3A401A6282882D900A221C6 /* Preview Content */,
			);
			path = RecipeApp;
			sourceTree = "<group>";
		};
		D3A401A6282882D900A221C6 /* Preview Content */ = {
			isa = PBXGroup;
			children = (
				D3A401A7282882D900A221C6 /* Preview Assets.xcassets */,
			);
			path = "Preview Content";
			sourceTree = "<group>";
		};
		D3A401B0282882D900A221C6 /* RecipeAppTests */ = {
			isa = PBXGroup;
			children = (
				D3A401B1282882D900A221C6 /* RecipeAppTests.swift */,
			);
			path = RecipeAppTests;
			sourceTree = "<group>";
		};
		D3A401BA282882D900A221C6 /* RecipeAppUITests */ = {
			isa = PBXGroup;
			children = (
				D3A401BB282882D900A221C6 /* RecipeAppUITests.swift */,
				D3A401BD282882D900A221C6 /* RecipeAppUITestsLaunchTests.swift */,
			);
			path = RecipeAppUITests;
			sourceTree = "<group>";
		};
		D3A401CA2828830200A221C6 /* Data */ = {
			isa = PBXGroup;
			children = (
				D3EA9EE8283C6CF200961DC3 /* recipes.json */,
			);
			path = Data;
			sourceTree = "<group>";
		};
		D3A401CB2828830A00A221C6 /* Services */ = {
			isa = PBXGroup;
			children = (
				D3A401D32828847D00A221C6 /* DataServices.swift */,
			);
			path = Services;
			sourceTree = "<group>";
		};
		D3A401CD2828834200A221C6 /* ViewModels */ = {
			isa = PBXGroup;
			children = (
				D3A401E028288AE600A221C6 /* RecipeModel.swift */,
			);
			path = ViewModels;
			sourceTree = "<group>";
		};
		D3A401D92828885D00A221C6 /* Views */ = {
			isa = PBXGroup;
			children = (
				D345CB572830C8DB00C3D34E /* RecipeTabView.swift */,
				D3EA9EEC283C77D900961DC3 /* RecipeListView.swift */,
				D34917502828A46B0013E8C0 /* RecipeDetailView.swift */,
			);
			path = Views;
			sourceTree = "<group>";
		};
		D3A401DD282888BF00A221C6 /* Models */ = {
			isa = PBXGroup;
			children = (
				D3A401DE282888E300A221C6 /* Recipe.swift */,
			);
			path = Models;
			sourceTree = "<group>";
		};
/* End PBXGroup section */

/* Begin PBXNativeTarget section */
		D3A4019C282882D800A221C6 /* RecipeApp */ = {
			isa = PBXNativeTarget;
			buildConfigurationList = D3A401C1282882D900A221C6 /* Build configuration list for PBXNativeTarget "RecipeApp" */;
			buildPhases = (
				D3A40199282882D800A221C6 /* Sources */,
				D3A4019A282882D800A221C6 /* Frameworks */,
				D3A4019B282882D800A221C6 /* Resources */,
			);
			buildRules = (
			);
			dependencies = (
			);
			name = RecipeApp;
			productName = RecipeApp;
			productReference = D3A4019D282882D800A221C6 /* RecipeApp.app */;
			productType = "com.apple.product-type.application";
		};
		D3A401AC282882D900A221C6 /* RecipeAppTests */ = {
			isa = PBXNativeTarget;
			buildConfigurationList = D3A401C4282882D900A221C6 /* Build configuration list for PBXNativeTarget "RecipeAppTests" */;
			buildPhases = (
				D3A401A9282882D900A221C6 /* Sources */,
				D3A401AA282882D900A221C6 /* Frameworks */,
				D3A401AB282882D900A221C6 /* Resources */,
			);
			buildRules = (
			);
			dependencies = (
				D3A401AF282882D900A221C6 /* PBXTargetDependency */,
			);
			name = RecipeAppTests;
			productName = RecipeAppTests;
			productReference = D3A401AD282882D900A221C6 /* RecipeAppTests.xctest */;
			productType = "com.apple.product-type.bundle.unit-test";
		};
		D3A401B6282882D900A221C6 /* RecipeAppUITests */ = {
			isa = PBXNativeTarget;
			buildConfigurationList = D3A401C7282882D900A221C6 /* Build configuration list for PBXNativeTarget "RecipeAppUITests" */;
			buildPhases = (
				D3A401B3282882D900A221C6 /* Sources */,
				D3A401B4282882D900A221C6 /* Frameworks */,
				D3A401B5282882D900A221C6 /* Resources */,
			);
			buildRules = (
			);
			dependencies = (
				D3A401B9282882D900A221C6 /* PBXTargetDependency */,
			);
			name = RecipeAppUITests;
			productName = RecipeAppUITests;
			productReference = D3A401B7282882D900A221C6 /* RecipeAppUITests.xctest */;
			productType = "com.apple.product-type.bundle.ui-testing";
		};
/* End PBXNativeTarget section */

/* Begin PBXProject section */
		D3A40195282882D800A221C6 /* Project object */ = {
			isa = PBXProject;
			attributes = {
				BuildIndependentTargetsInParallel = 1;
				LastSwiftUpdateCheck = 1330;
				LastUpgradeCheck = 1330;
				TargetAttributes = {
					D3A4019C282882D800A221C6 = {
						CreatedOnToolsVersion = 13.3.1;
					};
					D3A401AC282882D900A221C6 = {
						CreatedOnToolsVersion = 13.3.1;
						TestTargetID = D3A4019C282882D800A221C6;
					};
					D3A401B6282882D900A221C6 = {
						CreatedOnToolsVersion = 13.3.1;
						TestTargetID = D3A4019C282882D800A221C6;
					};
				};
			};
			buildConfigurationList = D3A40198282882D800A221C6 /* Build configuration list for PBXProject "RecipeApp" */;
			compatibilityVersion = "Xcode 13.0";
			developmentRegion = en;
			hasScannedForEncodings = 0;
			knownRegions = (
				en,
				Base,
			);
			mainGroup = D3A40194282882D800A221C6;
			productRefGroup = D3A4019E282882D800A221C6 /* Products */;
			projectDirPath = "";
			projectRoot = "";
			targets = (
				D3A4019C282882D800A221C6 /* RecipeApp */,
				D3A401AC282882D900A221C6 /* RecipeAppTests */,
				D3A401B6282882D900A221C6 /* RecipeAppUITests */,
			);
		};
/* End PBXProject section */

/* Begin PBXResourcesBuildPhase section */
		D3A4019B282882D800A221C6 /* Resources */ = {
			isa = PBXResourcesBuildPhase;
			buildActionMask = 2147483647;
			files = (
				D3A401A8282882D900A221C6 /* Preview Assets.xcassets in Resources */,
				D3EA9EE9283C6CF200961DC3 /* recipes.json in Resources */,
				D3A401A5282882D900A221C6 /* Assets.xcassets in Resources */,
			);
			runOnlyForDeploymentPostprocessing = 0;
		};
		D3A401AB282882D900A221C6 /* Resources */ = {
			isa = PBXResourcesBuildPhase;
			buildActionMask = 2147483647;
			files = (
			);
			runOnlyForDeploymentPostprocessing = 0;
		};
		D3A401B5282882D900A221C6 /* Resources */ = {
			isa = PBXResourcesBuildPhase;
			buildActionMask = 2147483647;
			files = (
			);
			runOnlyForDeploymentPostprocessing = 0;
		};
/* End PBXResourcesBuildPhase section */

/* Begin PBXSourcesBuildPhase section */
		D3A40199282882D800A221C6 /* Sources */ = {
			isa = PBXSourcesBuildPhase;
			buildActionMask = 2147483647;
			files = (
				D3A401D42828847D00A221C6 /* DataServices.swift in Sources */,
				D3EA9EED283C77D900961DC3 /* RecipeListView.swift in Sources */,
				D34917512828A46B0013E8C0 /* RecipeDetailView.swift in Sources */,
				D3A401A1282882D800A221C6 /* RecipeApp.swift in Sources */,
				D3A401DF282888E300A221C6 /* Recipe.swift in Sources */,
				D3A401E128288AE600A221C6 /* RecipeModel.swift in Sources */,
				D345CB582830C8DB00C3D34E /* RecipeTabView.swift in Sources */,
			);
			runOnlyForDeploymentPostprocessing = 0;
		};
		D3A401A9282882D900A221C6 /* Sources */ = {
			isa = PBXSourcesBuildPhase;
			buildActionMask = 2147483647;
			files = (
				D3A401B2282882D900A221C6 /* RecipeAppTests.swift in Sources */,
			);
			runOnlyForDeploymentPostprocessing = 0;
		};
		D3A401B3282882D900A221C6 /* Sources */ = {
			isa = PBXSourcesBuildPhase;
			buildActionMask = 2147483647;
			files = (
				D3A401BE282882D900A221C6 /* RecipeAppUITestsLaunchTests.swift in Sources */,
				D3A401BC282882D900A221C6 /* RecipeAppUITests.swift in Sources */,
			);
			runOnlyForDeploymentPostprocessing = 0;
		};
/* End PBXSourcesBuildPhase section */

/* Begin PBXTargetDependency section */
		D3A401AF282882D900A221C6 /* PBXTargetDependency */ = {
			isa = PBXTargetDependency;
			target = D3A4019C282882D800A221C6 /* RecipeApp */;
			targetProxy = D3A401AE282882D900A221C6 /* PBXContainerItemProxy */;
		};
		D3A401B9282882D900A221C6 /* PBXTargetDependency */ = {
			isa = PBXTargetDependency;
			target = D3A4019C282882D800A221C6 /* RecipeApp */;
			targetProxy = D3A401B8282882D900A221C6 /* PBXContainerItemProxy */;
		};
/* End PBXTargetDependency section */

/* Begin XCBuildConfiguration section */
		D3A401BF282882D900A221C6 /* Debug */ = {
			isa = XCBuildConfiguration;
			buildSettings = {
				ALWAYS_SEARCH_USER_PATHS = NO;
				CLANG_ANALYZER_NONNULL = YES;
				CLANG_ANALYZER_NUMBER_OBJECT_CONVERSION = YES_AGGRESSIVE;
				CLANG_CXX_LANGUAGE_STANDARD = "gnu++17";
				CLANG_ENABLE_MODULES = YES;
				CLANG_ENABLE_OBJC_ARC = YES;
				CLANG_ENABLE_OBJC_WEAK = YES;
				CLANG_WARN_BLOCK_CAPTURE_AUTORELEASING = YES;
				CLANG_WARN_BOOL_CONVERSION = YES;
				CLANG_WARN_COMMA = YES;
				CLANG_WARN_CONSTANT_CONVERSION = YES;
				CLANG_WARN_DEPRECATED_OBJC_IMPLEMENTATIONS = YES;
				CLANG_WARN_DIRECT_OBJC_ISA_USAGE = YES_ERROR;
				CLANG_WARN_DOCUMENTATION_COMMENTS = YES;
				CLANG_WARN_EMPTY_BODY = YES;
				CLANG_WARN_ENUM_CONVERSION = YES;
				CLANG_WARN_INFINITE_RECURSION = YES;
				CLANG_WARN_INT_CONVERSION = YES;
				CLANG_WARN_NON_LITERAL_NULL_CONVERSION = YES;
				CLANG_WARN_OBJC_IMPLICIT_RETAIN_SELF = YES;
				CLANG_WARN_OBJC_LITERAL_CONVERSION = YES;
				CLANG_WARN_OBJC_ROOT_CLASS = YES_ERROR;
				CLANG_WARN_QUOTED_INCLUDE_IN_FRAMEWORK_HEADER = YES;
				CLANG_WARN_RANGE_LOOP_ANALYSIS = YES;
				CLANG_WARN_STRICT_PROTOTYPES = YES;
				CLANG_WARN_SUSPICIOUS_MOVE = YES;
				CLANG_WARN_UNGUARDED_AVAILABILITY = YES_AGGRESSIVE;
				CLANG_WARN_UNREACHABLE_CODE = YES;
				CLANG_WARN__DUPLICATE_METHOD_MATCH = YES;
				COPY_PHASE_STRIP = NO;
				DEBUG_INFORMATION_FORMAT = dwarf;
				ENABLE_STRICT_OBJC_MSGSEND = YES;
				ENABLE_TESTABILITY = YES;
				GCC_C_LANGUAGE_STANDARD = gnu11;
				GCC_DYNAMIC_NO_PIC = NO;
				GCC_NO_COMMON_BLOCKS = YES;
				GCC_OPTIMIZATION_LEVEL = 0;
				GCC_PREPROCESSOR_DEFINITIONS = (
					"DEBUG=1",
					"$(inherited)",
				);
				GCC_WARN_64_TO_32_BIT_CONVERSION = YES;
				GCC_WARN_ABOUT_RETURN_TYPE = YES_ERROR;
				GCC_WARN_UNDECLARED_SELECTOR = YES;
				GCC_WARN_UNINITIALIZED_AUTOS = YES_AGGRESSIVE;
				GCC_WARN_UNUSED_FUNCTION = YES;
				GCC_WARN_UNUSED_VARIABLE = YES;
				IPHONEOS_DEPLOYMENT_TARGET = 15.4;
				MTL_ENABLE_DEBUG_INFO = INCLUDE_SOURCE;
				MTL_FAST_MATH = YES;
				ONLY_ACTIVE_ARCH = YES;
				SDKROOT = iphoneos;
				SWIFT_ACTIVE_COMPILATION_CONDITIONS = DEBUG;
				SWIFT_OPTIMIZATION_LEVEL = "-Onone";
			};
			name = Debug;
		};
		D3A401C0282882D900A221C6 /* Release */ = {
			isa = XCBuildConfiguration;
			buildSettings = {
				ALWAYS_SEARCH_USER_PATHS = NO;
				CLANG_ANALYZER_NONNULL = YES;
				CLANG_ANALYZER_NUMBER_OBJECT_CONVERSION = YES_AGGRESSIVE;
				CLANG_CXX_LANGUAGE_STANDARD = "gnu++17";
				CLANG_ENABLE_MODULES = YES;
				CLANG_ENABLE_OBJC_ARC = YES;
				CLANG_ENABLE_OBJC_WEAK = YES;
				CLANG_WARN_BLOCK_CAPTURE_AUTORELEASING = YES;
				CLANG_WARN_BOOL_CONVERSION = YES;
				CLANG_WARN_COMMA = YES;
				CLANG_WARN_CONSTANT_CONVERSION = YES;
				CLANG_WARN_DEPRECATED_OBJC_IMPLEMENTATIONS = YES;
				CLANG_WARN_DIRECT_OBJC_ISA_USAGE = YES_ERROR;
				CLANG_WARN_DOCUMENTATION_COMMENTS = YES;
				CLANG_WARN_EMPTY_BODY = YES;
				CLANG_WARN_ENUM_CONVERSION = YES;
				CLANG_WARN_INFINITE_RECURSION = YES;
				CLANG_WARN_INT_CONVERSION = YES;
				CLANG_WARN_NON_LITERAL_NULL_CONVERSION = YES;
				CLANG_WARN_OBJC_IMPLICIT_RETAIN_SELF = YES;
				CLANG_WARN_OBJC_LITERAL_CONVERSION = YES;
				CLANG_WARN_OBJC_ROOT_CLASS = YES_ERROR;
				CLANG_WARN_QUOTED_INCLUDE_IN_FRAMEWORK_HEADER = YES;
				CLANG_WARN_RANGE_LOOP_ANALYSIS = YES;
				CLANG_WARN_STRICT_PROTOTYPES = YES;
				CLANG_WARN_SUSPICIOUS_MOVE = YES;
				CLANG_WARN_UNGUARDED_AVAILABILITY = YES_AGGRESSIVE;
				CLANG_WARN_UNREACHABLE_CODE = YES;
				CLANG_WARN__DUPLICATE_METHOD_MATCH = YES;
				COPY_PHASE_STRIP = NO;
				DEBUG_INFORMATION_FORMAT = "dwarf-with-dsym";
				ENABLE_NS_ASSERTIONS = NO;
				ENABLE_STRICT_OBJC_MSGSEND = YES;
				GCC_C_LANGUAGE_STANDARD = gnu11;
				GCC_NO_COMMON_BLOCKS = YES;
				GCC_WARN_64_TO_32_BIT_CONVERSION = YES;
				GCC_WARN_ABOUT_RETURN_TYPE = YES_ERROR;
				GCC_WARN_UNDECLARED_SELECTOR = YES;
				GCC_WARN_UNINITIALIZED_AUTOS = YES_AGGRESSIVE;
				GCC_WARN_UNUSED_FUNCTION = YES;
				GCC_WARN_UNUSED_VARIABLE = YES;
				IPHONEOS_DEPLOYMENT_TARGET = 15.4;
				MTL_ENABLE_DEBUG_INFO = NO;
				MTL_FAST_MATH = YES;
				SDKROOT = iphoneos;
				SWIFT_COMPILATION_MODE = wholemodule;
				SWIFT_OPTIMIZATION_LEVEL = "-O";
				VALIDATE_PRODUCT = YES;
			};
			name = Release;
		};
		D3A401C2282882D900A221C6 /* Debug */ = {
			isa = XCBuildConfiguration;
			buildSettings = {
				ASSETCATALOG_COMPILER_APPICON_NAME = AppIcon;
				ASSETCATALOG_COMPILER_GLOBAL_ACCENT_COLOR_NAME = AccentColor;
				CODE_SIGN_STYLE = Automatic;
				CURRENT_PROJECT_VERSION = 1;
				DEVELOPMENT_ASSET_PATHS = "\"RecipeApp/Preview Content\"";
				DEVELOPMENT_TEAM = 2985J6BGZL;
				ENABLE_PREVIEWS = YES;
				GENERATE_INFOPLIST_FILE = YES;
				INFOPLIST_KEY_UIApplicationSceneManifest_Generation = YES;
				INFOPLIST_KEY_UIApplicationSupportsIndirectInputEvents = YES;
				INFOPLIST_KEY_UILaunchScreen_Generation = YES;
				INFOPLIST_KEY_UISupportedInterfaceOrientations = "UIInterfaceOrientationPortrait UIInterfaceOrientationPortraitUpsideDown";
				INFOPLIST_KEY_UISupportedInterfaceOrientations_iPad = "UIInterfaceOrientationPortrait UIInterfaceOrientationPortraitUpsideDown UIInterfaceOrientationLandscapeLeft UIInterfaceOrientationLandscapeRight";
				INFOPLIST_KEY_UISupportedInterfaceOrientations_iPhone = "UIInterfaceOrientationPortrait UIInterfaceOrientationLandscapeLeft UIInterfaceOrientationLandscapeRight";
				LD_RUNPATH_SEARCH_PATHS = (
					"$(inherited)",
					"@executable_path/Frameworks",
				);
				MARKETING_VERSION = 1.0;
				PRODUCT_BUNDLE_IDENTIFIER = com.chase.works.RecipeApp;
				PRODUCT_NAME = "$(TARGET_NAME)";
				SWIFT_EMIT_LOC_STRINGS = YES;
				SWIFT_VERSION = 5.0;
				TARGETED_DEVICE_FAMILY = 1;
			};
			name = Debug;
		};
		D3A401C3282882D900A221C6 /* Release */ = {
			isa = XCBuildConfiguration;
			buildSettings = {
				ASSETCATALOG_COMPILER_APPICON_NAME = AppIcon;
				ASSETCATALOG_COMPILER_GLOBAL_ACCENT_COLOR_NAME = AccentColor;
				CODE_SIGN_STYLE = Automatic;
				CURRENT_PROJECT_VERSION = 1;
				DEVELOPMENT_ASSET_PATHS = "\"RecipeApp/Preview Content\"";
				DEVELOPMENT_TEAM = 2985J6BGZL;
				ENABLE_PREVIEWS = YES;
				GENERATE_INFOPLIST_FILE = YES;
				INFOPLIST_KEY_UIApplicationSceneManifest_Generation = YES;
				INFOPLIST_KEY_UIApplicationSupportsIndirectInputEvents = YES;
				INFOPLIST_KEY_UILaunchScreen_Generation = YES;
				INFOPLIST_KEY_UISupportedInterfaceOrientations = "UIInterfaceOrientationPortrait UIInterfaceOrientationPortraitUpsideDown";
				INFOPLIST_KEY_UISupportedInterfaceOrientations_iPad = "UIInterfaceOrientationPortrait UIInterfaceOrientationPortraitUpsideDown UIInterfaceOrientationLandscapeLeft UIInterfaceOrientationLandscapeRight";
				INFOPLIST_KEY_UISupportedInterfaceOrientations_iPhone = "UIInterfaceOrientationPortrait UIInterfaceOrientationLandscapeLeft UIInterfaceOrientationLandscapeRight";
				LD_RUNPATH_SEARCH_PATHS = (
					"$(inherited)",
					"@executable_path/Frameworks",
				);
				MARKETING_VERSION = 1.0;
				PRODUCT_BUNDLE_IDENTIFIER = com.chase.works.RecipeApp;
				PRODUCT_NAME = "$(TARGET_NAME)";
				SWIFT_EMIT_LOC_STRINGS = YES;
				SWIFT_VERSION = 5.0;
				TARGETED_DEVICE_FAMILY = 1;
			};
			name = Release;
		};
		D3A401C5282882D900A221C6 /* Debug */ = {
			isa = XCBuildConfiguration;
			buildSettings = {
				ALWAYS_EMBED_SWIFT_STANDARD_LIBRARIES = YES;
				BUNDLE_LOADER = "$(TEST_HOST)";
				CODE_SIGN_STYLE = Automatic;
				CURRENT_PROJECT_VERSION = 1;
				DEVELOPMENT_TEAM = 2985J6BGZL;
				GENERATE_INFOPLIST_FILE = YES;
				IPHONEOS_DEPLOYMENT_TARGET = 15.4;
				MARKETING_VERSION = 1.0;
				PRODUCT_BUNDLE_IDENTIFIER = com.chase.works.RecipeAppTests;
				PRODUCT_NAME = "$(TARGET_NAME)";
				SWIFT_EMIT_LOC_STRINGS = NO;
				SWIFT_VERSION = 5.0;
				TARGETED_DEVICE_FAMILY = "1,2";
				TEST_HOST = "$(BUILT_PRODUCTS_DIR)/RecipeApp.app/RecipeApp";
			};
			name = Debug;
		};
		D3A401C6282882D900A221C6 /* Release */ = {
			isa = XCBuildConfiguration;
			buildSettings = {
				ALWAYS_EMBED_SWIFT_STANDARD_LIBRARIES = YES;
				BUNDLE_LOADER = "$(TEST_HOST)";
				CODE_SIGN_STYLE = Automatic;
				CURRENT_PROJECT_VERSION = 1;
				DEVELOPMENT_TEAM = 2985J6BGZL;
				GENERATE_INFOPLIST_FILE = YES;
				IPHONEOS_DEPLOYMENT_TARGET = 15.4;
				MARKETING_VERSION = 1.0;
				PRODUCT_BUNDLE_IDENTIFIER = com.chase.works.RecipeAppTests;
				PRODUCT_NAME = "$(TARGET_NAME)";
				SWIFT_EMIT_LOC_STRINGS = NO;
				SWIFT_VERSION = 5.0;
				TARGETED_DEVICE_FAMILY = "1,2";
				TEST_HOST = "$(BUILT_PRODUCTS_DIR)/RecipeApp.app/RecipeApp";
			};
			name = Release;
		};
		D3A401C8282882D900A221C6 /* Debug */ = {
			isa = XCBuildConfiguration;
			buildSettings = {
				ALWAYS_EMBED_SWIFT_STANDARD_LIBRARIES = YES;
				CODE_SIGN_STYLE = Automatic;
				CURRENT_PROJECT_VERSION = 1;
				DEVELOPMENT_TEAM = 2985J6BGZL;
				GENERATE_INFOPLIST_FILE = YES;
				MARKETING_VERSION = 1.0;
				PRODUCT_BUNDLE_IDENTIFIER = com.chase.works.RecipeAppUITests;
				PRODUCT_NAME = "$(TARGET_NAME)";
				SWIFT_EMIT_LOC_STRINGS = NO;
				SWIFT_VERSION = 5.0;
				TARGETED_DEVICE_FAMILY = "1,2";
				TEST_TARGET_NAME = RecipeApp;
			};
			name = Debug;
		};
		D3A401C9282882D900A221C6 /* Release */ = {
			isa = XCBuildConfiguration;
			buildSettings = {
				ALWAYS_EMBED_SWIFT_STANDARD_LIBRARIES = YES;
				CODE_SIGN_STYLE = Automatic;
				CURRENT_PROJECT_VERSION = 1;
				DEVELOPMENT_TEAM = 2985J6BGZL;
				GENERATE_INFOPLIST_FILE = YES;
				MARKETING_VERSION = 1.0;
				PRODUCT_BUNDLE_IDENTIFIER = com.chase.works.RecipeAppUITests;
				PRODUCT_NAME = "$(TARGET_NAME)";
				SWIFT_EMIT_LOC_STRINGS = NO;
				SWIFT_VERSION = 5.0;
				TARGETED_DEVICE_FAMILY = "1,2";
				TEST_TARGET_NAME = RecipeApp;
			};
			name = Release;
		};
/* End XCBuildConfiguration section */

/* Begin XCConfigurationList section */
		D3A40198282882D800A221C6 /* Build configuration list for PBXProject "RecipeApp" */ = {
			isa = XCConfigurationList;
			buildConfigurations = (
				D3A401BF282882D900A221C6 /* Debug */,
				D3A401C0282882D900A221C6 /* Release */,
			);
			defaultConfigurationIsVisible = 0;
			defaultConfigurationName = Release;
		};
		D3A401C1282882D900A221C6 /* Build configuration list for PBXNativeTarget "RecipeApp" */ = {
			isa = XCConfigurationList;
			buildConfigurations = (
				D3A401C2282882D900A221C6 /* Debug */,
				D3A401C3282882D900A221C6 /* Release */,
			);
			defaultConfigurationIsVisible = 0;
			defaultConfigurationName = Release;
		};
		D3A401C4282882D900A221C6 /* Build configuration list for PBXNativeTarget "RecipeAppTests" */ = {
			isa = XCConfigurationList;
			buildConfigurations = (
				D3A401C5282882D900A221C6 /* Debug */,
				D3A401C6282882D900A221C6 /* Release */,
			);
			defaultConfigurationIsVisible = 0;
			defaultConfigurationName = Release;
		};
		D3A401C7282882D900A221C6 /* Build configuration list for PBXNativeTarget "RecipeAppUITests" */ = {
			isa = XCConfigurationList;
			buildConfigurations = (
				D3A401C8282882D900A221C6 /* Debug */,
				D3A401C9282882D900A221C6 /* Release */,
			);
			defaultConfigurationIsVisible = 0;
			defaultConfigurationName = Release;
		};
/* End XCConfigurationList section */
	};
	rootObject = D3A40195282882D800A221C6 /* Project object */;
}
